// !$*UTF8*$!
{
	archiveVersion = 1;
	classes = {
	};
	objectVersion = 56;
	objects = {

/* Begin PBXBuildFile section */
		4E2E79AD299E64D400B2FF41 /* AppDelegate.swift in Sources */ = {isa = PBXBuildFile; fileRef = 4E2E79AC299E64D400B2FF41 /* AppDelegate.swift */; };
		4E2E79AF299E64D400B2FF41 /* SceneDelegate.swift in Sources */ = {isa = PBXBuildFile; fileRef = 4E2E79AE299E64D400B2FF41 /* SceneDelegate.swift */; };
		4E2E79B1299E64D400B2FF41 /* MainViewController.swift in Sources */ = {isa = PBXBuildFile; fileRef = 4E2E79B0299E64D400B2FF41 /* MainViewController.swift */; };
		4E2E79B4299E64D400B2FF41 /* Main.storyboard in Resources */ = {isa = PBXBuildFile; fileRef = 4E2E79B2299E64D400B2FF41 /* Main.storyboard */; };
		4E2E79B6299E64D600B2FF41 /* Assets.xcassets in Resources */ = {isa = PBXBuildFile; fileRef = 4E2E79B5299E64D600B2FF41 /* Assets.xcassets */; };
		4E2E79B9299E64D600B2FF41 /* LaunchScreen.storyboard in Resources */ = {isa = PBXBuildFile; fileRef = 4E2E79B7299E64D600B2FF41 /* LaunchScreen.storyboard */; };
		4E2E79C4299E64D600B2FF41 /* RxSwiftPlaygroundTests.swift in Sources */ = {isa = PBXBuildFile; fileRef = 4E2E79C3299E64D600B2FF41 /* RxSwiftPlaygroundTests.swift */; };
		4E2E79CE299E64D600B2FF41 /* RxSwiftPlaygroundUITests.swift in Sources */ = {isa = PBXBuildFile; fileRef = 4E2E79CD299E64D600B2FF41 /* RxSwiftPlaygroundUITests.swift */; };
		4E2E79D0299E64D600B2FF41 /* RxSwiftPlaygroundUITestsLaunchTests.swift in Sources */ = {isa = PBXBuildFile; fileRef = 4E2E79CF299E64D600B2FF41 /* RxSwiftPlaygroundUITestsLaunchTests.swift */; };
		4E7909FF29ACF2A200FBAC22 /* PhotosViewController.swift in Sources */ = {isa = PBXBuildFile; fileRef = 4E7909FE29ACF2A200FBAC22 /* PhotosViewController.swift */; };
		4E790A0129ADF29700FBAC22 /* PhotoWriter.swift in Sources */ = {isa = PBXBuildFile; fileRef = 4E790A0029ADF29700FBAC22 /* PhotoWriter.swift */; };
		84A48632EC00AF3E61667CCA /* Pods_RxSwiftPlayground.framework in Frameworks */ = {isa = PBXBuildFile; fileRef = 526EE22839C55379BA6F601A /* Pods_RxSwiftPlayground.framework */; };
		A183C0FF44AFB1E5D83372E1 /* Pods_RxSwiftPlayground_RxSwiftPlaygroundUITests.framework in Frameworks */ = {isa = PBXBuildFile; fileRef = 7B3F3E467A43B5B689487627 /* Pods_RxSwiftPlayground_RxSwiftPlaygroundUITests.framework */; };
		D8F056FF86B92C9BCC41384B /* Pods_RxSwiftPlaygroundTests.framework in Frameworks */ = {isa = PBXBuildFile; fileRef = 1F18E55B318476CC7A9C188F /* Pods_RxSwiftPlaygroundTests.framework */; };
/* End PBXBuildFile section */

/* Begin PBXContainerItemProxy section */
		4E2E79C0299E64D600B2FF41 /* PBXContainerItemProxy */ = {
			isa = PBXContainerItemProxy;
			containerPortal = 4E2E79A1299E64D400B2FF41 /* Project object */;
			proxyType = 1;
			remoteGlobalIDString = 4E2E79A8299E64D400B2FF41;
			remoteInfo = RxSwiftPlayground;
		};
		4E2E79CA299E64D600B2FF41 /* PBXContainerItemProxy */ = {
			isa = PBXContainerItemProxy;
			containerPortal = 4E2E79A1299E64D400B2FF41 /* Project object */;
			proxyType = 1;
			remoteGlobalIDString = 4E2E79A8299E64D400B2FF41;
			remoteInfo = RxSwiftPlayground;
		};
/* End PBXContainerItemProxy section */

/* Begin PBXFileReference section */
		1F0C7193340ACDE0C9A344A8 /* Pods-RxSwiftPlayground-RxSwiftPlaygroundUITests.release.xcconfig */ = {isa = PBXFileReference; includeInIndex = 1; lastKnownFileType = text.xcconfig; name = "Pods-RxSwiftPlayground-RxSwiftPlaygroundUITests.release.xcconfig"; path = "Target Support Files/Pods-RxSwiftPlayground-RxSwiftPlaygroundUITests/Pods-RxSwiftPlayground-RxSwiftPlaygroundUITests.release.xcconfig"; sourceTree = "<group>"; };
		1F18E55B318476CC7A9C188F /* Pods_RxSwiftPlaygroundTests.framework */ = {isa = PBXFileReference; explicitFileType = wrapper.framework; includeInIndex = 0; path = Pods_RxSwiftPlaygroundTests.framework; sourceTree = BUILT_PRODUCTS_DIR; };
		4E2E79A9299E64D400B2FF41 /* RxSwiftPlayground.app */ = {isa = PBXFileReference; explicitFileType = wrapper.application; includeInIndex = 0; path = RxSwiftPlayground.app; sourceTree = BUILT_PRODUCTS_DIR; };
		4E2E79AC299E64D400B2FF41 /* AppDelegate.swift */ = {isa = PBXFileReference; lastKnownFileType = sourcecode.swift; path = AppDelegate.swift; sourceTree = "<group>"; };
		4E2E79AE299E64D400B2FF41 /* SceneDelegate.swift */ = {isa = PBXFileReference; lastKnownFileType = sourcecode.swift; path = SceneDelegate.swift; sourceTree = "<group>"; };
		4E2E79B0299E64D400B2FF41 /* MainViewController.swift */ = {isa = PBXFileReference; lastKnownFileType = sourcecode.swift; path = MainViewController.swift; sourceTree = "<group>"; };
		4E2E79B3299E64D400B2FF41 /* Base */ = {isa = PBXFileReference; lastKnownFileType = file.storyboard; name = Base; path = Base.lproj/Main.storyboard; sourceTree = "<group>"; };
		4E2E79B5299E64D600B2FF41 /* Assets.xcassets */ = {isa = PBXFileReference; lastKnownFileType = folder.assetcatalog; path = Assets.xcassets; sourceTree = "<group>"; };
		4E2E79B8299E64D600B2FF41 /* Base */ = {isa = PBXFileReference; lastKnownFileType = file.storyboard; name = Base; path = Base.lproj/LaunchScreen.storyboard; sourceTree = "<group>"; };
		4E2E79BA299E64D600B2FF41 /* Info.plist */ = {isa = PBXFileReference; lastKnownFileType = text.plist.xml; path = Info.plist; sourceTree = "<group>"; };
		4E2E79BF299E64D600B2FF41 /* RxSwiftPlaygroundTests.xctest */ = {isa = PBXFileReference; explicitFileType = wrapper.cfbundle; includeInIndex = 0; path = RxSwiftPlaygroundTests.xctest; sourceTree = BUILT_PRODUCTS_DIR; };
		4E2E79C3299E64D600B2FF41 /* RxSwiftPlaygroundTests.swift */ = {isa = PBXFileReference; lastKnownFileType = sourcecode.swift; path = RxSwiftPlaygroundTests.swift; sourceTree = "<group>"; };
		4E2E79C9299E64D600B2FF41 /* RxSwiftPlaygroundUITests.xctest */ = {isa = PBXFileReference; explicitFileType = wrapper.cfbundle; includeInIndex = 0; path = RxSwiftPlaygroundUITests.xctest; sourceTree = BUILT_PRODUCTS_DIR; };
		4E2E79CD299E64D600B2FF41 /* RxSwiftPlaygroundUITests.swift */ = {isa = PBXFileReference; lastKnownFileType = sourcecode.swift; path = RxSwiftPlaygroundUITests.swift; sourceTree = "<group>"; };
		4E2E79CF299E64D600B2FF41 /* RxSwiftPlaygroundUITestsLaunchTests.swift */ = {isa = PBXFileReference; lastKnownFileType = sourcecode.swift; path = RxSwiftPlaygroundUITestsLaunchTests.swift; sourceTree = "<group>"; };
		4E7909FE29ACF2A200FBAC22 /* PhotosViewController.swift */ = {isa = PBXFileReference; lastKnownFileType = sourcecode.swift; path = PhotosViewController.swift; sourceTree = "<group>"; };
		4E790A0029ADF29700FBAC22 /* PhotoWriter.swift */ = {isa = PBXFileReference; lastKnownFileType = sourcecode.swift; path = PhotoWriter.swift; sourceTree = "<group>"; };
		526EE22839C55379BA6F601A /* Pods_RxSwiftPlayground.framework */ = {isa = PBXFileReference; explicitFileType = wrapper.framework; includeInIndex = 0; path = Pods_RxSwiftPlayground.framework; sourceTree = BUILT_PRODUCTS_DIR; };
		5904CCE6AAC5FC47684116F0 /* Pods-RxSwiftPlaygroundTests.release.xcconfig */ = {isa = PBXFileReference; includeInIndex = 1; lastKnownFileType = text.xcconfig; name = "Pods-RxSwiftPlaygroundTests.release.xcconfig"; path = "Target Support Files/Pods-RxSwiftPlaygroundTests/Pods-RxSwiftPlaygroundTests.release.xcconfig"; sourceTree = "<group>"; };
		7B3F3E467A43B5B689487627 /* Pods_RxSwiftPlayground_RxSwiftPlaygroundUITests.framework */ = {isa = PBXFileReference; explicitFileType = wrapper.framework; includeInIndex = 0; path = Pods_RxSwiftPlayground_RxSwiftPlaygroundUITests.framework; sourceTree = BUILT_PRODUCTS_DIR; };
		987D4ED80970BF59743603A3 /* Pods-RxSwiftPlaygroundTests.debug.xcconfig */ = {isa = PBXFileReference; includeInIndex = 1; lastKnownFileType = text.xcconfig; name = "Pods-RxSwiftPlaygroundTests.debug.xcconfig"; path = "Target Support Files/Pods-RxSwiftPlaygroundTests/Pods-RxSwiftPlaygroundTests.debug.xcconfig"; sourceTree = "<group>"; };
		9B383EBE5CE208F2EC43DDCD /* Pods-RxSwiftPlayground.debug.xcconfig */ = {isa = PBXFileReference; includeInIndex = 1; lastKnownFileType = text.xcconfig; name = "Pods-RxSwiftPlayground.debug.xcconfig"; path = "Target Support Files/Pods-RxSwiftPlayground/Pods-RxSwiftPlayground.debug.xcconfig"; sourceTree = "<group>"; };
		B706BD5354DFAD46EBF6796C /* Pods-RxSwiftPlayground-RxSwiftPlaygroundUITests.debug.xcconfig */ = {isa = PBXFileReference; includeInIndex = 1; lastKnownFileType = text.xcconfig; name = "Pods-RxSwiftPlayground-RxSwiftPlaygroundUITests.debug.xcconfig"; path = "Target Support Files/Pods-RxSwiftPlayground-RxSwiftPlaygroundUITests/Pods-RxSwiftPlayground-RxSwiftPlaygroundUITests.debug.xcconfig"; sourceTree = "<group>"; };
		C7BE1A93D6418EAF9F4DDD3F /* Pods-RxSwiftPlayground.release.xcconfig */ = {isa = PBXFileReference; includeInIndex = 1; lastKnownFileType = text.xcconfig; name = "Pods-RxSwiftPlayground.release.xcconfig"; path = "Target Support Files/Pods-RxSwiftPlayground/Pods-RxSwiftPlayground.release.xcconfig"; sourceTree = "<group>"; };
/* End PBXFileReference section */

/* Begin PBXFrameworksBuildPhase section */
		4E2E79A6299E64D400B2FF41 /* Frameworks */ = {
			isa = PBXFrameworksBuildPhase;
			buildActionMask = 2147483647;
			files = (
				84A48632EC00AF3E61667CCA /* Pods_RxSwiftPlayground.framework in Frameworks */,
			);
			runOnlyForDeploymentPostprocessing = 0;
		};
		4E2E79BC299E64D600B2FF41 /* Frameworks */ = {
			isa = PBXFrameworksBuildPhase;
			buildActionMask = 2147483647;
			files = (
				D8F056FF86B92C9BCC41384B /* Pods_RxSwiftPlaygroundTests.framework in Frameworks */,
			);
			runOnlyForDeploymentPostprocessing = 0;
		};
		4E2E79C6299E64D600B2FF41 /* Frameworks */ = {
			isa = PBXFrameworksBuildPhase;
			buildActionMask = 2147483647;
			files = (
				A183C0FF44AFB1E5D83372E1 /* Pods_RxSwiftPlayground_RxSwiftPlaygroundUITests.framework in Frameworks */,
			);
			runOnlyForDeploymentPostprocessing = 0;
		};
/* End PBXFrameworksBuildPhase section */

/* Begin PBXGroup section */
		2A480CE76FFAD728B1332A10 /* Pods */ = {
			isa = PBXGroup;
			children = (
				9B383EBE5CE208F2EC43DDCD /* Pods-RxSwiftPlayground.debug.xcconfig */,
				C7BE1A93D6418EAF9F4DDD3F /* Pods-RxSwiftPlayground.release.xcconfig */,
				B706BD5354DFAD46EBF6796C /* Pods-RxSwiftPlayground-RxSwiftPlaygroundUITests.debug.xcconfig */,
				1F0C7193340ACDE0C9A344A8 /* Pods-RxSwiftPlayground-RxSwiftPlaygroundUITests.release.xcconfig */,
				987D4ED80970BF59743603A3 /* Pods-RxSwiftPlaygroundTests.debug.xcconfig */,
				5904CCE6AAC5FC47684116F0 /* Pods-RxSwiftPlaygroundTests.release.xcconfig */,
			);
			path = Pods;
			sourceTree = "<group>";
		};
		4E2E79A0299E64D400B2FF41 = {
			isa = PBXGroup;
			children = (
				4E2E79AB299E64D400B2FF41 /* RxSwiftPlayground */,
				4E2E79C2299E64D600B2FF41 /* RxSwiftPlaygroundTests */,
				4E2E79CC299E64D600B2FF41 /* RxSwiftPlaygroundUITests */,
				4E2E79AA299E64D400B2FF41 /* Products */,
				2A480CE76FFAD728B1332A10 /* Pods */,
				D47BEC729C42F52953370281 /* Frameworks */,
			);
			sourceTree = "<group>";
		};
		4E2E79AA299E64D400B2FF41 /* Products */ = {
			isa = PBXGroup;
			children = (
				4E2E79A9299E64D400B2FF41 /* RxSwiftPlayground.app */,
				4E2E79BF299E64D600B2FF41 /* RxSwiftPlaygroundTests.xctest */,
				4E2E79C9299E64D600B2FF41 /* RxSwiftPlaygroundUITests.xctest */,
			);
			name = Products;
			sourceTree = "<group>";
		};
		4E2E79AB299E64D400B2FF41 /* RxSwiftPlayground */ = {
			isa = PBXGroup;
			children = (
				4E2E79AC299E64D400B2FF41 /* AppDelegate.swift */,
				4E2E79AE299E64D400B2FF41 /* SceneDelegate.swift */,
				4E790A0029ADF29700FBAC22 /* PhotoWriter.swift */,
				4E2E79B0299E64D400B2FF41 /* MainViewController.swift */,
				4E7909FE29ACF2A200FBAC22 /* PhotosViewController.swift */,
				4E2E79B2299E64D400B2FF41 /* Main.storyboard */,
				4E2E79B5299E64D600B2FF41 /* Assets.xcassets */,
				4E2E79B7299E64D600B2FF41 /* LaunchScreen.storyboard */,
				4E2E79BA299E64D600B2FF41 /* Info.plist */,
			);
			path = RxSwiftPlayground;
			sourceTree = "<group>";
		};
		4E2E79C2299E64D600B2FF41 /* RxSwiftPlaygroundTests */ = {
			isa = PBXGroup;
			children = (
				4E2E79C3299E64D600B2FF41 /* RxSwiftPlaygroundTests.swift */,
			);
			path = RxSwiftPlaygroundTests;
			sourceTree = "<group>";
		};
		4E2E79CC299E64D600B2FF41 /* RxSwiftPlaygroundUITests */ = {
			isa = PBXGroup;
			children = (
				4E2E79CD299E64D600B2FF41 /* RxSwiftPlaygroundUITests.swift */,
				4E2E79CF299E64D600B2FF41 /* RxSwiftPlaygroundUITestsLaunchTests.swift */,
			);
			path = RxSwiftPlaygroundUITests;
			sourceTree = "<group>";
		};
		D47BEC729C42F52953370281 /* Frameworks */ = {
			isa = PBXGroup;
			children = (
				526EE22839C55379BA6F601A /* Pods_RxSwiftPlayground.framework */,
				7B3F3E467A43B5B689487627 /* Pods_RxSwiftPlayground_RxSwiftPlaygroundUITests.framework */,
				1F18E55B318476CC7A9C188F /* Pods_RxSwiftPlaygroundTests.framework */,
			);
			name = Frameworks;
			sourceTree = "<group>";
		};
/* End PBXGroup section */

/* Begin PBXNativeTarget section */
		4E2E79A8299E64D400B2FF41 /* RxSwiftPlayground */ = {
			isa = PBXNativeTarget;
			buildConfigurationList = 4E2E79D3299E64D600B2FF41 /* Build configuration list for PBXNativeTarget "RxSwiftPlayground" */;
			buildPhases = (
				C99797ED430B18CF06076B64 /* [CP] Check Pods Manifest.lock */,
				4E2E79A5299E64D400B2FF41 /* Sources */,
				4E2E79A6299E64D400B2FF41 /* Frameworks */,
				4E2E79A7299E64D400B2FF41 /* Resources */,
				47C0742F1B1DB2A9C7390C4E /* [CP] Embed Pods Frameworks */,
			);
			buildRules = (
			);
			dependencies = (
			);
			name = RxSwiftPlayground;
			productName = RxSwiftPlayground;
			productReference = 4E2E79A9299E64D400B2FF41 /* RxSwiftPlayground.app */;
			productType = "com.apple.product-type.application";
		};
		4E2E79BE299E64D600B2FF41 /* RxSwiftPlaygroundTests */ = {
			isa = PBXNativeTarget;
			buildConfigurationList = 4E2E79D6299E64D600B2FF41 /* Build configuration list for PBXNativeTarget "RxSwiftPlaygroundTests" */;
			buildPhases = (
				0A8FF74D19EA90BC91E3418E /* [CP] Check Pods Manifest.lock */,
				4E2E79BB299E64D600B2FF41 /* Sources */,
				4E2E79BC299E64D600B2FF41 /* Frameworks */,
				4E2E79BD299E64D600B2FF41 /* Resources */,
			);
			buildRules = (
			);
			dependencies = (
				4E2E79C1299E64D600B2FF41 /* PBXTargetDependency */,
			);
			name = RxSwiftPlaygroundTests;
			productName = RxSwiftPlaygroundTests;
			productReference = 4E2E79BF299E64D600B2FF41 /* RxSwiftPlaygroundTests.xctest */;
			productType = "com.apple.product-type.bundle.unit-test";
		};
		4E2E79C8299E64D600B2FF41 /* RxSwiftPlaygroundUITests */ = {
			isa = PBXNativeTarget;
			buildConfigurationList = 4E2E79D9299E64D600B2FF41 /* Build configuration list for PBXNativeTarget "RxSwiftPlaygroundUITests" */;
			buildPhases = (
				F1FCEADCCDE8DF2C8B102712 /* [CP] Check Pods Manifest.lock */,
				4E2E79C5299E64D600B2FF41 /* Sources */,
				4E2E79C6299E64D600B2FF41 /* Frameworks */,
				4E2E79C7299E64D600B2FF41 /* Resources */,
				64145A373EF1AE1C6459A62D /* [CP] Embed Pods Frameworks */,
			);
			buildRules = (
			);
			dependencies = (
				4E2E79CB299E64D600B2FF41 /* PBXTargetDependency */,
			);
			name = RxSwiftPlaygroundUITests;
			productName = RxSwiftPlaygroundUITests;
			productReference = 4E2E79C9299E64D600B2FF41 /* RxSwiftPlaygroundUITests.xctest */;
			productType = "com.apple.product-type.bundle.ui-testing";
		};
/* End PBXNativeTarget section */

/* Begin PBXProject section */
		4E2E79A1299E64D400B2FF41 /* Project object */ = {
			isa = PBXProject;
			attributes = {
				BuildIndependentTargetsInParallel = 1;
				LastSwiftUpdateCheck = 1400;
				LastUpgradeCheck = 1400;
				TargetAttributes = {
					4E2E79A8299E64D400B2FF41 = {
						CreatedOnToolsVersion = 14.0;
					};
					4E2E79BE299E64D600B2FF41 = {
						CreatedOnToolsVersion = 14.0;
						TestTargetID = 4E2E79A8299E64D400B2FF41;
					};
					4E2E79C8299E64D600B2FF41 = {
						CreatedOnToolsVersion = 14.0;
						TestTargetID = 4E2E79A8299E64D400B2FF41;
					};
				};
			};
			buildConfigurationList = 4E2E79A4299E64D400B2FF41 /* Build configuration list for PBXProject "RxSwiftPlayground" */;
			compatibilityVersion = "Xcode 14.0";
			developmentRegion = en;
			hasScannedForEncodings = 0;
			knownRegions = (
				en,
				Base,
			);
			mainGroup = 4E2E79A0299E64D400B2FF41;
			productRefGroup = 4E2E79AA299E64D400B2FF41 /* Products */;
			projectDirPath = "";
			projectRoot = "";
			targets = (
				4E2E79A8299E64D400B2FF41 /* RxSwiftPlayground */,
				4E2E79BE299E64D600B2FF41 /* RxSwiftPlaygroundTests */,
				4E2E79C8299E64D600B2FF41 /* RxSwiftPlaygroundUITests */,
			);
		};
/* End PBXProject section */

/* Begin PBXResourcesBuildPhase section */
		4E2E79A7299E64D400B2FF41 /* Resources */ = {
			isa = PBXResourcesBuildPhase;
			buildActionMask = 2147483647;
			files = (
				4E2E79B9299E64D600B2FF41 /* LaunchScreen.storyboard in Resources */,
				4E2E79B6299E64D600B2FF41 /* Assets.xcassets in Resources */,
				4E2E79B4299E64D400B2FF41 /* Main.storyboard in Resources */,
			);
			runOnlyForDeploymentPostprocessing = 0;
		};
		4E2E79BD299E64D600B2FF41 /* Resources */ = {
			isa = PBXResourcesBuildPhase;
			buildActionMask = 2147483647;
			files = (
			);
			runOnlyForDeploymentPostprocessing = 0;
		};
		4E2E79C7299E64D600B2FF41 /* Resources */ = {
			isa = PBXResourcesBuildPhase;
			buildActionMask = 2147483647;
			files = (
			);
			runOnlyForDeploymentPostprocessing = 0;
		};
/* End PBXResourcesBuildPhase section */

/* Begin PBXShellScriptBuildPhase section */
		0A8FF74D19EA90BC91E3418E /* [CP] Check Pods Manifest.lock */ = {
			isa = PBXShellScriptBuildPhase;
			buildActionMask = 2147483647;
			files = (
			);
			inputFileListPaths = (
			);
			inputPaths = (
				"${PODS_PODFILE_DIR_PATH}/Podfile.lock",
				"${PODS_ROOT}/Manifest.lock",
			);
			name = "[CP] Check Pods Manifest.lock";
			outputFileListPaths = (
			);
			outputPaths = (
				"$(DERIVED_FILE_DIR)/Pods-RxSwiftPlaygroundTests-checkManifestLockResult.txt",
			);
			runOnlyForDeploymentPostprocessing = 0;
			shellPath = /bin/sh;
			shellScript = "diff \"${PODS_PODFILE_DIR_PATH}/Podfile.lock\" \"${PODS_ROOT}/Manifest.lock\" > /dev/null\nif [ $? != 0 ] ; then\n    # print error to STDERR\n    echo \"error: The sandbox is not in sync with the Podfile.lock. Run 'pod install' or update your CocoaPods installation.\" >&2\n    exit 1\nfi\n# This output is used by Xcode 'outputs' to avoid re-running this script phase.\necho \"SUCCESS\" > \"${SCRIPT_OUTPUT_FILE_0}\"\n";
			showEnvVarsInLog = 0;
		};
		47C0742F1B1DB2A9C7390C4E /* [CP] Embed Pods Frameworks */ = {
			isa = PBXShellScriptBuildPhase;
			buildActionMask = 2147483647;
			files = (
			);
			inputFileListPaths = (
				"${PODS_ROOT}/Target Support Files/Pods-RxSwiftPlayground/Pods-RxSwiftPlayground-frameworks-${CONFIGURATION}-input-files.xcfilelist",
			);
			name = "[CP] Embed Pods Frameworks";
			outputFileListPaths = (
				"${PODS_ROOT}/Target Support Files/Pods-RxSwiftPlayground/Pods-RxSwiftPlayground-frameworks-${CONFIGURATION}-output-files.xcfilelist",
			);
			runOnlyForDeploymentPostprocessing = 0;
			shellPath = /bin/sh;
			shellScript = "\"${PODS_ROOT}/Target Support Files/Pods-RxSwiftPlayground/Pods-RxSwiftPlayground-frameworks.sh\"\n";
			showEnvVarsInLog = 0;
		};
		64145A373EF1AE1C6459A62D /* [CP] Embed Pods Frameworks */ = {
			isa = PBXShellScriptBuildPhase;
			buildActionMask = 2147483647;
			files = (
			);
			inputFileListPaths = (
				"${PODS_ROOT}/Target Support Files/Pods-RxSwiftPlayground-RxSwiftPlaygroundUITests/Pods-RxSwiftPlayground-RxSwiftPlaygroundUITests-frameworks-${CONFIGURATION}-input-files.xcfilelist",
			);
			name = "[CP] Embed Pods Frameworks";
			outputFileListPaths = (
				"${PODS_ROOT}/Target Support Files/Pods-RxSwiftPlayground-RxSwiftPlaygroundUITests/Pods-RxSwiftPlayground-RxSwiftPlaygroundUITests-frameworks-${CONFIGURATION}-output-files.xcfilelist",
			);
			runOnlyForDeploymentPostprocessing = 0;
			shellPath = /bin/sh;
			shellScript = "\"${PODS_ROOT}/Target Support Files/Pods-RxSwiftPlayground-RxSwiftPlaygroundUITests/Pods-RxSwiftPlayground-RxSwiftPlaygroundUITests-frameworks.sh\"\n";
			showEnvVarsInLog = 0;
		};
		C99797ED430B18CF06076B64 /* [CP] Check Pods Manifest.lock */ = {
			isa = PBXShellScriptBuildPhase;
			buildActionMask = 2147483647;
			files = (
			);
			inputFileListPaths = (
			);
			inputPaths = (
				"${PODS_PODFILE_DIR_PATH}/Podfile.lock",
				"${PODS_ROOT}/Manifest.lock",
			);
			name = "[CP] Check Pods Manifest.lock";
			outputFileListPaths = (
			);
			outputPaths = (
				"$(DERIVED_FILE_DIR)/Pods-RxSwiftPlayground-checkManifestLockResult.txt",
			);
			runOnlyForDeploymentPostprocessing = 0;
			shellPath = /bin/sh;
			shellScript = "diff \"${PODS_PODFILE_DIR_PATH}/Podfile.lock\" \"${PODS_ROOT}/Manifest.lock\" > /dev/null\nif [ $? != 0 ] ; then\n    # print error to STDERR\n    echo \"error: The sandbox is not in sync with the Podfile.lock. Run 'pod install' or update your CocoaPods installation.\" >&2\n    exit 1\nfi\n# This output is used by Xcode 'outputs' to avoid re-running this script phase.\necho \"SUCCESS\" > \"${SCRIPT_OUTPUT_FILE_0}\"\n";
			showEnvVarsInLog = 0;
		};
		F1FCEADCCDE8DF2C8B102712 /* [CP] Check Pods Manifest.lock */ = {
			isa = PBXShellScriptBuildPhase;
			buildActionMask = 2147483647;
			files = (
			);
			inputFileListPaths = (
			);
			inputPaths = (
				"${PODS_PODFILE_DIR_PATH}/Podfile.lock",
				"${PODS_ROOT}/Manifest.lock",
			);
			name = "[CP] Check Pods Manifest.lock";
			outputFileListPaths = (
			);
			outputPaths = (
				"$(DERIVED_FILE_DIR)/Pods-RxSwiftPlayground-RxSwiftPlaygroundUITests-checkManifestLockResult.txt",
			);
			runOnlyForDeploymentPostprocessing = 0;
			shellPath = /bin/sh;
			shellScript = "diff \"${PODS_PODFILE_DIR_PATH}/Podfile.lock\" \"${PODS_ROOT}/Manifest.lock\" > /dev/null\nif [ $? != 0 ] ; then\n    # print error to STDERR\n    echo \"error: The sandbox is not in sync with the Podfile.lock. Run 'pod install' or update your CocoaPods installation.\" >&2\n    exit 1\nfi\n# This output is used by Xcode 'outputs' to avoid re-running this script phase.\necho \"SUCCESS\" > \"${SCRIPT_OUTPUT_FILE_0}\"\n";
			showEnvVarsInLog = 0;
		};
/* End PBXShellScriptBuildPhase section */

/* Begin PBXSourcesBuildPhase section */
		4E2E79A5299E64D400B2FF41 /* Sources */ = {
			isa = PBXSourcesBuildPhase;
			buildActionMask = 2147483647;
			files = (
				4E790A0129ADF29700FBAC22 /* PhotoWriter.swift in Sources */,
				4E2E79B1299E64D400B2FF41 /* MainViewController.swift in Sources */,
				4E7909FF29ACF2A200FBAC22 /* PhotosViewController.swift in Sources */,
				4E2E79AD299E64D400B2FF41 /* AppDelegate.swift in Sources */,
				4E2E79AF299E64D400B2FF41 /* SceneDelegate.swift in Sources */,
			);
			runOnlyForDeploymentPostprocessing = 0;
		};
		4E2E79BB299E64D600B2FF41 /* Sources */ = {
			isa = PBXSourcesBuildPhase;
			buildActionMask = 2147483647;
			files = (
				4E2E79C4299E64D600B2FF41 /* RxSwiftPlaygroundTests.swift in Sources */,
			);
			runOnlyForDeploymentPostprocessing = 0;
		};
		4E2E79C5299E64D600B2FF41 /* Sources */ = {
			isa = PBXSourcesBuildPhase;
			buildActionMask = 2147483647;
			files = (
				4E2E79CE299E64D600B2FF41 /* RxSwiftPlaygroundUITests.swift in Sources */,
				4E2E79D0299E64D600B2FF41 /* RxSwiftPlaygroundUITestsLaunchTests.swift in Sources */,
			);
			runOnlyForDeploymentPostprocessing = 0;
		};
/* End PBXSourcesBuildPhase section */

/* Begin PBXTargetDependency section */
		4E2E79C1299E64D600B2FF41 /* PBXTargetDependency */ = {
			isa = PBXTargetDependency;
			target = 4E2E79A8299E64D400B2FF41 /* RxSwiftPlayground */;
			targetProxy = 4E2E79C0299E64D600B2FF41 /* PBXContainerItemProxy */;
		};
		4E2E79CB299E64D600B2FF41 /* PBXTargetDependency */ = {
			isa = PBXTargetDependency;
			target = 4E2E79A8299E64D400B2FF41 /* RxSwiftPlayground */;
			targetProxy = 4E2E79CA299E64D600B2FF41 /* PBXContainerItemProxy */;
		};
/* End PBXTargetDependency section */

/* Begin PBXVariantGroup section */
		4E2E79B2299E64D400B2FF41 /* Main.storyboard */ = {
			isa = PBXVariantGroup;
			children = (
				4E2E79B3299E64D400B2FF41 /* Base */,
			);
			name = Main.storyboard;
			sourceTree = "<group>";
		};
		4E2E79B7299E64D600B2FF41 /* LaunchScreen.storyboard */ = {
			isa = PBXVariantGroup;
			children = (
				4E2E79B8299E64D600B2FF41 /* Base */,
			);
			name = LaunchScreen.storyboard;
			sourceTree = "<group>";
		};
/* End PBXVariantGroup section */

/* Begin XCBuildConfiguration section */
		4E2E79D1299E64D600B2FF41 /* Debug */ = {
			isa = XCBuildConfiguration;
			buildSettings = {
				ALWAYS_SEARCH_USER_PATHS = NO;
				CLANG_ANALYZER_NONNULL = YES;
				CLANG_ANALYZER_NUMBER_OBJECT_CONVERSION = YES_AGGRESSIVE;
				CLANG_CXX_LANGUAGE_STANDARD = "gnu++20";
				CLANG_ENABLE_MODULES = YES;
				CLANG_ENABLE_OBJC_ARC = YES;
				CLANG_ENABLE_OBJC_WEAK = YES;
				CLANG_WARN_BLOCK_CAPTURE_AUTORELEASING = YES;
				CLANG_WARN_BOOL_CONVERSION = YES;
				CLANG_WARN_COMMA = YES;
				CLANG_WARN_CONSTANT_CONVERSION = YES;
				CLANG_WARN_DEPRECATED_OBJC_IMPLEMENTATIONS = YES;
				CLANG_WARN_DIRECT_OBJC_ISA_USAGE = YES_ERROR;
				CLANG_WARN_DOCUMENTATION_COMMENTS = YES;
				CLANG_WARN_EMPTY_BODY = YES;
				CLANG_WARN_ENUM_CONVERSION = YES;
				CLANG_WARN_INFINITE_RECURSION = YES;
				CLANG_WARN_INT_CONVERSION = YES;
				CLANG_WARN_NON_LITERAL_NULL_CONVERSION = YES;
				CLANG_WARN_OBJC_IMPLICIT_RETAIN_SELF = YES;
				CLANG_WARN_OBJC_LITERAL_CONVERSION = YES;
				CLANG_WARN_OBJC_ROOT_CLASS = YES_ERROR;
				CLANG_WARN_QUOTED_INCLUDE_IN_FRAMEWORK_HEADER = YES;
				CLANG_WARN_RANGE_LOOP_ANALYSIS = YES;
				CLANG_WARN_STRICT_PROTOTYPES = YES;
				CLANG_WARN_SUSPICIOUS_MOVE = YES;
				CLANG_WARN_UNGUARDED_AVAILABILITY = YES_AGGRESSIVE;
				CLANG_WARN_UNREACHABLE_CODE = YES;
				CLANG_WARN__DUPLICATE_METHOD_MATCH = YES;
				COPY_PHASE_STRIP = NO;
				DEBUG_INFORMATION_FORMAT = dwarf;
				ENABLE_STRICT_OBJC_MSGSEND = YES;
				ENABLE_TESTABILITY = YES;
				GCC_C_LANGUAGE_STANDARD = gnu11;
				GCC_DYNAMIC_NO_PIC = NO;
				GCC_NO_COMMON_BLOCKS = YES;
				GCC_OPTIMIZATION_LEVEL = 0;
				GCC_PREPROCESSOR_DEFINITIONS = (
					"DEBUG=1",
					"$(inherited)",
				);
				GCC_WARN_64_TO_32_BIT_CONVERSION = YES;
				GCC_WARN_ABOUT_RETURN_TYPE = YES_ERROR;
				GCC_WARN_UNDECLARED_SELECTOR = YES;
				GCC_WARN_UNINITIALIZED_AUTOS = YES_AGGRESSIVE;
				GCC_WARN_UNUSED_FUNCTION = YES;
				GCC_WARN_UNUSED_VARIABLE = YES;
				IPHONEOS_DEPLOYMENT_TARGET = 16.0;
				MTL_ENABLE_DEBUG_INFO = INCLUDE_SOURCE;
				MTL_FAST_MATH = YES;
				ONLY_ACTIVE_ARCH = YES;
				SDKROOT = iphoneos;
				SWIFT_ACTIVE_COMPILATION_CONDITIONS = DEBUG;
				SWIFT_OPTIMIZATION_LEVEL = "-Onone";
			};
			name = Debug;
		};
		4E2E79D2299E64D600B2FF41 /* Release */ = {
			isa = XCBuildConfiguration;
			buildSettings = {
				ALWAYS_SEARCH_USER_PATHS = NO;
				CLANG_ANALYZER_NONNULL = YES;
				CLANG_ANALYZER_NUMBER_OBJECT_CONVERSION = YES_AGGRESSIVE;
				CLANG_CXX_LANGUAGE_STANDARD = "gnu++20";
				CLANG_ENABLE_MODULES = YES;
				CLANG_ENABLE_OBJC_ARC = YES;
				CLANG_ENABLE_OBJC_WEAK = YES;
				CLANG_WARN_BLOCK_CAPTURE_AUTORELEASING = YES;
				CLANG_WARN_BOOL_CONVERSION = YES;
				CLANG_WARN_COMMA = YES;
				CLANG_WARN_CONSTANT_CONVERSION = YES;
				CLANG_WARN_DEPRECATED_OBJC_IMPLEMENTATIONS = YES;
				CLANG_WARN_DIRECT_OBJC_ISA_USAGE = YES_ERROR;
				CLANG_WARN_DOCUMENTATION_COMMENTS = YES;
				CLANG_WARN_EMPTY_BODY = YES;
				CLANG_WARN_ENUM_CONVERSION = YES;
				CLANG_WARN_INFINITE_RECURSION = YES;
				CLANG_WARN_INT_CONVERSION = YES;
				CLANG_WARN_NON_LITERAL_NULL_CONVERSION = YES;
				CLANG_WARN_OBJC_IMPLICIT_RETAIN_SELF = YES;
				CLANG_WARN_OBJC_LITERAL_CONVERSION = YES;
				CLANG_WARN_OBJC_ROOT_CLASS = YES_ERROR;
				CLANG_WARN_QUOTED_INCLUDE_IN_FRAMEWORK_HEADER = YES;
				CLANG_WARN_RANGE_LOOP_ANALYSIS = YES;
				CLANG_WARN_STRICT_PROTOTYPES = YES;
				CLANG_WARN_SUSPICIOUS_MOVE = YES;
				CLANG_WARN_UNGUARDED_AVAILABILITY = YES_AGGRESSIVE;
				CLANG_WARN_UNREACHABLE_CODE = YES;
				CLANG_WARN__DUPLICATE_METHOD_MATCH = YES;
				COPY_PHASE_STRIP = NO;
				DEBUG_INFORMATION_FORMAT = "dwarf-with-dsym";
				ENABLE_NS_ASSERTIONS = NO;
				ENABLE_STRICT_OBJC_MSGSEND = YES;
				GCC_C_LANGUAGE_STANDARD = gnu11;
				GCC_NO_COMMON_BLOCKS = YES;
				GCC_WARN_64_TO_32_BIT_CONVERSION = YES;
				GCC_WARN_ABOUT_RETURN_TYPE = YES_ERROR;
				GCC_WARN_UNDECLARED_SELECTOR = YES;
				GCC_WARN_UNINITIALIZED_AUTOS = YES_AGGRESSIVE;
				GCC_WARN_UNUSED_FUNCTION = YES;
				GCC_WARN_UNUSED_VARIABLE = YES;
				IPHONEOS_DEPLOYMENT_TARGET = 16.0;
				MTL_ENABLE_DEBUG_INFO = NO;
				MTL_FAST_MATH = YES;
				SDKROOT = iphoneos;
				SWIFT_COMPILATION_MODE = wholemodule;
				SWIFT_OPTIMIZATION_LEVEL = "-O";
				VALIDATE_PRODUCT = YES;
			};
			name = Release;
		};
		4E2E79D4299E64D600B2FF41 /* Debug */ = {
			isa = XCBuildConfiguration;
			baseConfigurationReference = 9B383EBE5CE208F2EC43DDCD /* Pods-RxSwiftPlayground.debug.xcconfig */;
			buildSettings = {
				ASSETCATALOG_COMPILER_APPICON_NAME = AppIcon;
				ASSETCATALOG_COMPILER_GLOBAL_ACCENT_COLOR_NAME = AccentColor;
				CODE_SIGN_STYLE = Automatic;
				CURRENT_PROJECT_VERSION = 1;
				DEVELOPMENT_TEAM = B44YL23J9X;
				GENERATE_INFOPLIST_FILE = YES;
				INFOPLIST_FILE = RxSwiftPlayground/Info.plist;
				INFOPLIST_KEY_UIApplicationSupportsIndirectInputEvents = YES;
				INFOPLIST_KEY_UILaunchStoryboardName = LaunchScreen;
				INFOPLIST_KEY_UIMainStoryboardFile = Main;
				INFOPLIST_KEY_UISupportedInterfaceOrientations_iPad = "UIInterfaceOrientationPortrait UIInterfaceOrientationPortraitUpsideDown UIInterfaceOrientationLandscapeLeft UIInterfaceOrientationLandscapeRight";
				INFOPLIST_KEY_UISupportedInterfaceOrientations_iPhone = "UIInterfaceOrientationPortrait UIInterfaceOrientationLandscapeLeft UIInterfaceOrientationLandscapeRight";
				LD_RUNPATH_SEARCH_PATHS = (
					"$(inherited)",
					"@executable_path/Frameworks",
				);
				MARKETING_VERSION = 1.0;
				PRODUCT_BUNDLE_IDENTIFIER = com.seosieve.RxSwiftPlayground;
				PRODUCT_NAME = "$(TARGET_NAME)";
				SWIFT_EMIT_LOC_STRINGS = YES;
				SWIFT_VERSION = 5.0;
				TARGETED_DEVICE_FAMILY = "1,2";
			};
			name = Debug;
		};
		4E2E79D5299E64D600B2FF41 /* Release */ = {
			isa = XCBuildConfiguration;
			baseConfigurationReference = C7BE1A93D6418EAF9F4DDD3F /* Pods-RxSwiftPlayground.release.xcconfig */;
			buildSettings = {
				ASSETCATALOG_COMPILER_APPICON_NAME = AppIcon;
				ASSETCATALOG_COMPILER_GLOBAL_ACCENT_COLOR_NAME = AccentColor;
				CODE_SIGN_STYLE = Automatic;
				CURRENT_PROJECT_VERSION = 1;
				DEVELOPMENT_TEAM = B44YL23J9X;
				GENERATE_INFOPLIST_FILE = YES;
				INFOPLIST_FILE = RxSwiftPlayground/Info.plist;
				INFOPLIST_KEY_UIApplicationSupportsIndirectInputEvents = YES;
				INFOPLIST_KEY_UILaunchStoryboardName = LaunchScreen;
				INFOPLIST_KEY_UIMainStoryboardFile = Main;
				INFOPLIST_KEY_UISupportedInterfaceOrientations_iPad = "UIInterfaceOrientationPortrait UIInterfaceOrientationPortraitUpsideDown UIInterfaceOrientationLandscapeLeft UIInterfaceOrientationLandscapeRight";
				INFOPLIST_KEY_UISupportedInterfaceOrientations_iPhone = "UIInterfaceOrientationPortrait UIInterfaceOrientationLandscapeLeft UIInterfaceOrientationLandscapeRight";
				LD_RUNPATH_SEARCH_PATHS = (
					"$(inherited)",
					"@executable_path/Frameworks",
				);
				MARKETING_VERSION = 1.0;
				PRODUCT_BUNDLE_IDENTIFIER = com.seosieve.RxSwiftPlayground;
				PRODUCT_NAME = "$(TARGET_NAME)";
				SWIFT_EMIT_LOC_STRINGS = YES;
				SWIFT_VERSION = 5.0;
				TARGETED_DEVICE_FAMILY = "1,2";
			};
			name = Release;
		};
		4E2E79D7299E64D600B2FF41 /* Debug */ = {
			isa = XCBuildConfiguration;
			baseConfigurationReference = 987D4ED80970BF59743603A3 /* Pods-RxSwiftPlaygroundTests.debug.xcconfig */;
			buildSettings = {
				ALWAYS_EMBED_SWIFT_STANDARD_LIBRARIES = YES;
				BUNDLE_LOADER = "$(TEST_HOST)";
				CODE_SIGN_STYLE = Automatic;
				CURRENT_PROJECT_VERSION = 1;
				DEVELOPMENT_TEAM = B44YL23J9X;
				GENERATE_INFOPLIST_FILE = YES;
				IPHONEOS_DEPLOYMENT_TARGET = 16.0;
				MARKETING_VERSION = 1.0;
				PRODUCT_BUNDLE_IDENTIFIER = com.seosieve.RxSwiftPlaygroundTests;
				PRODUCT_NAME = "$(TARGET_NAME)";
				SWIFT_EMIT_LOC_STRINGS = NO;
				SWIFT_VERSION = 5.0;
				TARGETED_DEVICE_FAMILY = "1,2";
				TEST_HOST = "$(BUILT_PRODUCTS_DIR)/RxSwiftPlayground.app/$(BUNDLE_EXECUTABLE_FOLDER_PATH)/RxSwiftPlayground";
			};
			name = Debug;
		};
		4E2E79D8299E64D600B2FF41 /* Release */ = {
			isa = XCBuildConfiguration;
			baseConfigurationReference = 5904CCE6AAC5FC47684116F0 /* Pods-RxSwiftPlaygroundTests.release.xcconfig */;
			buildSettings = {
				ALWAYS_EMBED_SWIFT_STANDARD_LIBRARIES = YES;
				BUNDLE_LOADER = "$(TEST_HOST)";
				CODE_SIGN_STYLE = Automatic;
				CURRENT_PROJECT_VERSION = 1;
				DEVELOPMENT_TEAM = B44YL23J9X;
				GENERATE_INFOPLIST_FILE = YES;
				IPHONEOS_DEPLOYMENT_TARGET = 16.0;
				MARKETING_VERSION = 1.0;
				PRODUCT_BUNDLE_IDENTIFIER = com.seosieve.RxSwiftPlaygroundTests;
				PRODUCT_NAME = "$(TARGET_NAME)";
				SWIFT_EMIT_LOC_STRINGS = NO;
				SWIFT_VERSION = 5.0;
				TARGETED_DEVICE_FAMILY = "1,2";
				TEST_HOST = "$(BUILT_PRODUCTS_DIR)/RxSwiftPlayground.app/$(BUNDLE_EXECUTABLE_FOLDER_PATH)/RxSwiftPlayground";
			};
			name = Release;
		};
		4E2E79DA299E64D600B2FF41 /* Debug */ = {
			isa = XCBuildConfiguration;
			baseConfigurationReference = B706BD5354DFAD46EBF6796C /* Pods-RxSwiftPlayground-RxSwiftPlaygroundUITests.debug.xcconfig */;
			buildSettings = {
				ALWAYS_EMBED_SWIFT_STANDARD_LIBRARIES = YES;
				CODE_SIGN_STYLE = Automatic;
				CURRENT_PROJECT_VERSION = 1;
				DEVELOPMENT_TEAM = B44YL23J9X;
				GENERATE_INFOPLIST_FILE = YES;
				MARKETING_VERSION = 1.0;
				PRODUCT_BUNDLE_IDENTIFIER = com.seosieve.RxSwiftPlaygroundUITests;
				PRODUCT_NAME = "$(TARGET_NAME)";
				SWIFT_EMIT_LOC_STRINGS = NO;
				SWIFT_VERSION = 5.0;
				TARGETED_DEVICE_FAMILY = "1,2";
				TEST_TARGET_NAME = RxSwiftPlayground;
			};
			name = Debug;
		};
		4E2E79DB299E64D600B2FF41 /* Release */ = {
			isa = XCBuildConfiguration;
			baseConfigurationReference = 1F0C7193340ACDE0C9A344A8 /* Pods-RxSwiftPlayground-RxSwiftPlaygroundUITests.release.xcconfig */;
			buildSettings = {
				ALWAYS_EMBED_SWIFT_STANDARD_LIBRARIES = YES;
				CODE_SIGN_STYLE = Automatic;
				CURRENT_PROJECT_VERSION = 1;
				DEVELOPMENT_TEAM = B44YL23J9X;
				GENERATE_INFOPLIST_FILE = YES;
				MARKETING_VERSION = 1.0;
				PRODUCT_BUNDLE_IDENTIFIER = com.seosieve.RxSwiftPlaygroundUITests;
				PRODUCT_NAME = "$(TARGET_NAME)";
				SWIFT_EMIT_LOC_STRINGS = NO;
				SWIFT_VERSION = 5.0;
				TARGETED_DEVICE_FAMILY = "1,2";
				TEST_TARGET_NAME = RxSwiftPlayground;
			};
			name = Release;
		};
/* End XCBuildConfiguration section */

/* Begin XCConfigurationList section */
		4E2E79A4299E64D400B2FF41 /* Build configuration list for PBXProject "RxSwiftPlayground" */ = {
			isa = XCConfigurationList;
			buildConfigurations = (
				4E2E79D1299E64D600B2FF41 /* Debug */,
				4E2E79D2299E64D600B2FF41 /* Release */,
			);
			defaultConfigurationIsVisible = 0;
			defaultConfigurationName = Release;
		};
		4E2E79D3299E64D600B2FF41 /* Build configuration list for PBXNativeTarget "RxSwiftPlayground" */ = {
			isa = XCConfigurationList;
			buildConfigurations = (
				4E2E79D4299E64D600B2FF41 /* Debug */,
				4E2E79D5299E64D600B2FF41 /* Release */,
			);
			defaultConfigurationIsVisible = 0;
			defaultConfigurationName = Release;
		};
		4E2E79D6299E64D600B2FF41 /* Build configuration list for PBXNativeTarget "RxSwiftPlaygroundTests" */ = {
			isa = XCConfigurationList;
			buildConfigurations = (
				4E2E79D7299E64D600B2FF41 /* Debug */,
				4E2E79D8299E64D600B2FF41 /* Release */,
			);
			defaultConfigurationIsVisible = 0;
			defaultConfigurationName = Release;
		};
		4E2E79D9299E64D600B2FF41 /* Build configuration list for PBXNativeTarget "RxSwiftPlaygroundUITests" */ = {
			isa = XCConfigurationList;
			buildConfigurations = (
				4E2E79DA299E64D600B2FF41 /* Debug */,
				4E2E79DB299E64D600B2FF41 /* Release */,
			);
			defaultConfigurationIsVisible = 0;
			defaultConfigurationName = Release;
		};
/* End XCConfigurationList section */
	};
	rootObject = 4E2E79A1299E64D400B2FF41 /* Project object */;
}
